
Microsoft Visual Studio Solution File, Format Version 12.00
# Visual Studio Version 17
VisualStudioVersion = 17.9.34616.47
MinimumVisualStudioVersion = 10.0.40219.1
Project("{FAE04EC0-301F-11D3-BF4B-00C04F79EFBC}") = "OauthServer", "OauthServer\OauthServer.csproj", "{1889978F-2D50-49A5-ADE6-55F56812FE43}"
EndProject
Global
	GlobalSection(SolutionConfigurationPlatforms) = preSolution
		Debug|Any CPU = Debug|Any CPU
		Release|Any CPU = Release|Any CPU
	EndGlobalSection
	GlobalSection(ProjectConfigurationPlatforms) = postSolution
		{1889978F-2D50-49A5-ADE6-55F56812FE43}.Debug|Any CPU.ActiveCfg = Debug|Any CPU
		{1889978F-2D50-49A5-ADE6-55F56812FE43}.Debug|Any CPU.Build.0 = Debug|Any CPU
		{1889978F-2D50-49A5-ADE6-55F56812FE43}.Release|Any CPU.ActiveCfg = Release|Any CPU
		{1889978F-2D50-49A5-ADE6-55F56812FE43}.Release|Any CPU.Build.0 = Release|Any CPU
	EndGlobalSection
	GlobalSection(SolutionProperties) = preSolution
		HideSolutionNode = FALSE
	EndGlobalSection
	GlobalSection(ExtensibilityGlobals) = postSolution
		SolutionGuid = {D21452A4-8148-4876-B0D1-4D0B2FD778D7}
	EndGlobalSection
EndGlobal
